
Microsoft Visual Studio Solution File, Format Version 12.00
# Visual Studio Version 17
VisualStudioVersion = 17.2.32526.322
MinimumVisualStudioVersion = 10.0.40219.1
Project("{8BC9CEB8-8B4A-11D0-8D11-00A0C91BC942}") = "Heap", "Heap\Heap.vcxproj", "{077113B3-C17E-49B6-9863-5AC2F97292CF}"
EndProject
Global
	GlobalSection(SolutionConfigurationPlatforms) = preSolution
		Debug|x64 = Debug|x64
		Debug|x86 = Debug|x86
		Release|x64 = Release|x64
		Release|x86 = Release|x86
	EndGlobalSection
	GlobalSection(ProjectConfigurationPlatforms) = postSolution
		{077113B3-C17E-49B6-9863-5AC2F97292CF}.Debug|x64.ActiveCfg = Debug|x64
		{077113B3-C17E-49B6-9863-5AC2F97292CF}.Debug|x64.Build.0 = Debug|x64
		{077113B3-C17E-49B6-9863-5AC2F97292CF}.Debug|x86.ActiveCfg = Debug|Win32
		{077113B3-C17E-49B6-9863-5AC2F97292CF}.Debug|x86.Build.0 = Debug|Win32
		{077113B3-C17E-49B6-9863-5AC2F97292CF}.Release|x64.ActiveCfg = Release|x64
		{077113B3-C17E-49B6-9863-5AC2F97292CF}.Release|x64.Build.0 = Release|x64
		{077113B3-C17E-49B6-9863-5AC2F97292CF}.Release|x86.ActiveCfg = Release|Win32
		{077113B3-C17E-49B6-9863-5AC2F97292CF}.Release|x86.Build.0 = Release|Win32
	EndGlobalSection
	GlobalSection(SolutionProperties) = preSolution
		HideSolutionNode = FALSE
	EndGlobalSection
	GlobalSection(ExtensibilityGlobals) = postSolution
		SolutionGuid = {DD93FADC-74B4-4B58-8D85-79891CCF6FB0}
	EndGlobalSection
EndGlobal
